// !$*UTF8*$!
{
	archiveVersion = 1;
	classes = {
	};
	objectVersion = 46;
	objects = {

/* Begin PBXBuildFile section */
		4B6E318418CFFBEA00C71C04 /* Foundation.framework in Frameworks */ = {isa = PBXBuildFile; fileRef = 4B6E318318CFFBEA00C71C04 /* Foundation.framework */; };
		4B6E318618CFFBEA00C71C04 /* CoreGraphics.framework in Frameworks */ = {isa = PBXBuildFile; fileRef = 4B6E318518CFFBEA00C71C04 /* CoreGraphics.framework */; };
		4B6E318818CFFBEA00C71C04 /* UIKit.framework in Frameworks */ = {isa = PBXBuildFile; fileRef = 4B6E318718CFFBEA00C71C04 /* UIKit.framework */; };
		4B6E318E18CFFBEA00C71C04 /* InfoPlist.strings in Resources */ = {isa = PBXBuildFile; fileRef = 4B6E318C18CFFBEA00C71C04 /* InfoPlist.strings */; };
		4B6E319018CFFBEA00C71C04 /* main.m in Sources */ = {isa = PBXBuildFile; fileRef = 4B6E318F18CFFBEA00C71C04 /* main.m */; };
		4B6E319418CFFBEA00C71C04 /* AppDelegate.m in Sources */ = {isa = PBXBuildFile; fileRef = 4B6E319318CFFBEA00C71C04 /* AppDelegate.m */; };
		4B6E319718CFFBEA00C71C04 /* Main.storyboard in Resources */ = {isa = PBXBuildFile; fileRef = 4B6E319518CFFBEA00C71C04 /* Main.storyboard */; };
		4B6E319A18CFFBEA00C71C04 /* SpaceSoundsViewController.m in Sources */ = {isa = PBXBuildFile; fileRef = 4B6E319918CFFBEA00C71C04 /* SpaceSoundsViewController.m */; };
		4B6E319F18CFFBEA00C71C04 /* Images.xcassets in Resources */ = {isa = PBXBuildFile; fileRef = 4B6E319E18CFFBEA00C71C04 /* Images.xcassets */; };
		4B6E31A618CFFBEA00C71C04 /* XCTest.framework in Frameworks */ = {isa = PBXBuildFile; fileRef = 4B6E31A518CFFBEA00C71C04 /* XCTest.framework */; };
		4B6E31A718CFFBEA00C71C04 /* Foundation.framework in Frameworks */ = {isa = PBXBuildFile; fileRef = 4B6E318318CFFBEA00C71C04 /* Foundation.framework */; };
		4B6E31A818CFFBEA00C71C04 /* UIKit.framework in Frameworks */ = {isa = PBXBuildFile; fileRef = 4B6E318718CFFBEA00C71C04 /* UIKit.framework */; };
		4B6E31B018CFFBEA00C71C04 /* InfoPlist.strings in Resources */ = {isa = PBXBuildFile; fileRef = 4B6E31AE18CFFBEA00C71C04 /* InfoPlist.strings */; };
		4B6E31B218CFFBEA00C71C04 /* Assignment_7_1Tests.m in Sources */ = {isa = PBXBuildFile; fileRef = 4B6E31B118CFFBEA00C71C04 /* Assignment_7_1Tests.m */; };
		4B6E31CD18CFFC5C00C71C04 /* APU_Shutdown.mp3 in Resources */ = {isa = PBXBuildFile; fileRef = 4B6E31BD18CFFC5C00C71C04 /* APU_Shutdown.mp3 */; };
		4B6E31CE18CFFC5C00C71C04 /* Computers_In_Control.mp3 in Resources */ = {isa = PBXBuildFile; fileRef = 4B6E31BE18CFFC5C00C71C04 /* Computers_In_Control.mp3 */; };
		4B6E31CF18CFFC5C00C71C04 /* Go_For_Deploy.mp3 in Resources */ = {isa = PBXBuildFile; fileRef = 4B6E31BF18CFFC5C00C71C04 /* Go_For_Deploy.mp3 */; };
		4B6E31D018CFFC5C00C71C04 /* Go_Throttle_Up.mp3 in Resources */ = {isa = PBXBuildFile; fileRef = 4B6E31C018CFFC5C00C71C04 /* Go_Throttle_Up.mp3 */; };
		4B6E31D118CFFC5C00C71C04 /* Good_Picture_Steve.mp3 in Resources */ = {isa = PBXBuildFile; fileRef = 4B6E31C118CFFC5C00C71C04 /* Good_Picture_Steve.mp3 */; };
		4B6E31D218CFFC5C00C71C04 /* Houston_Discovery.mp3 in Resources */ = {isa = PBXBuildFile; fileRef = 4B6E31C218CFFC5C00C71C04 /* Houston_Discovery.mp3 */; };
		4B6E31D318CFFC5C00C71C04 /* How_Do_You_Read.mp3 in Resources */ = {isa = PBXBuildFile; fileRef = 4B6E31C318CFFC5C00C71C04 /* How_Do_You_Read.mp3 */; };
		4B6E31D418CFFC5C00C71C04 /* Liftoff.mp3 in Resources */ = {isa = PBXBuildFile; fileRef = 4B6E31C418CFFC5C00C71C04 /* Liftoff.mp3 */; };
		4B6E31D518CFFC5C00C71C04 /* Lookin_At_It.mp3 in Resources */ = {isa = PBXBuildFile; fileRef = 4B6E31C518CFFC5C00C71C04 /* Lookin_At_It.mp3 */; };
		4B6E31D618CFFC5C00C71C04 /* MECO.mp3 in Resources */ = {isa = PBXBuildFile; fileRef = 4B6E31C618CFFC5C00C71C04 /* MECO.mp3 */; };
		4B6E31D718CFFC5C00C71C04 /* Nice_To_Be_In_Orbit.mp3 in Resources */ = {isa = PBXBuildFile; fileRef = 4B6E31C718CFFC5C00C71C04 /* Nice_To_Be_In_Orbit.mp3 */; };
		4B6E31D818CFFC5C00C71C04 /* On_Its_Way_To_Orbit.mp3 in Resources */ = {isa = PBXBuildFile; fileRef = 4B6E31C818CFFC5C00C71C04 /* On_Its_Way_To_Orbit.mp3 */; };
		4B6E31D918CFFC5C00C71C04 /* Press_To_ATO.mp3 in Resources */ = {isa = PBXBuildFile; fileRef = 4B6E31C918CFFC5C00C71C04 /* Press_To_ATO.mp3 */; };
		4B6E31DA18CFFC5C00C71C04 /* Roger_Roll.mp3 in Resources */ = {isa = PBXBuildFile; fileRef = 4B6E31CA18CFFC5C00C71C04 /* Roger_Roll.mp3 */; };
		4B6E31DB18CFFC5C00C71C04 /* Vector_Transfer.mp3 in Resources */ = {isa = PBXBuildFile; fileRef = 4B6E31CB18CFFC5C00C71C04 /* Vector_Transfer.mp3 */; };
		4B6E31DC18CFFC5C00C71C04 /* Wheel_Stop.mp3 in Resources */ = {isa = PBXBuildFile; fileRef = 4B6E31CC18CFFC5C00C71C04 /* Wheel_Stop.mp3 */; };
		4B6E31EB18D0019900C71C04 /* Bear.mp3 in Resources */ = {isa = PBXBuildFile; fileRef = 4B6E31DF18D0019900C71C04 /* Bear.mp3 */; };
		4B6E31EC18D0019900C71C04 /* Cat.mp3 in Resources */ = {isa = PBXBuildFile; fileRef = 4B6E31E018D0019900C71C04 /* Cat.mp3 */; };
		4B6E31ED18D0019900C71C04 /* Chimp.mp3 in Resources */ = {isa = PBXBuildFile; fileRef = 4B6E31E118D0019900C71C04 /* Chimp.mp3 */; };
		4B6E31EE18D0019900C71C04 /* Cock.mp3 in Resources */ = {isa = PBXBuildFile; fileRef = 4B6E31E218D0019900C71C04 /* Cock.mp3 */; };
		4B6E31EF18D0019900C71C04 /* Cow.mp3 in Resources */ = {isa = PBXBuildFile; fileRef = 4B6E31E318D0019900C71C04 /* Cow.mp3 */; };
		4B6E31F018D0019900C71C04 /* Dog.mp3 in Resources */ = {isa = PBXBuildFile; fileRef = 4B6E31E418D0019900C71C04 /* Dog.mp3 */; };
		4B6E31F118D0019900C71C04 /* Elephant.mp3 in Resources */ = {isa = PBXBuildFile; fileRef = 4B6E31E518D0019900C71C04 /* Elephant.mp3 */; };
		4B6E31F218D0019900C71C04 /* Fox.mp3 in Resources */ = {isa = PBXBuildFile; fileRef = 4B6E31E618D0019900C71C04 /* Fox.mp3 */; };
		4B6E31F318D0019900C71C04 /* Horse.mp3 in Resources */ = {isa = PBXBuildFile; fileRef = 4B6E31E718D0019900C71C04 /* Horse.mp3 */; };
		4B6E31F418D0019900C71C04 /* Lion.mp3 in Resources */ = {isa = PBXBuildFile; fileRef = 4B6E31E818D0019900C71C04 /* Lion.mp3 */; };
		4B6E31F518D0019900C71C04 /* Pig.mp3 in Resources */ = {isa = PBXBuildFile; fileRef = 4B6E31E918D0019900C71C04 /* Pig.mp3 */; };
		4B6E31F618D0019900C71C04 /* Tiger.mp3 in Resources */ = {isa = PBXBuildFile; fileRef = 4B6E31EA18D0019900C71C04 /* Tiger.mp3 */; };
		4B6E31F818D001B600C71C04 /* Sheep.mp3 in Resources */ = {isa = PBXBuildFile; fileRef = 4B6E31F718D001B600C71C04 /* Sheep.mp3 */; };
		4B6E31FB18D0037100C71C04 /* AnimalSoundsViewController.m in Sources */ = {isa = PBXBuildFile; fileRef = 4B6E31FA18D0037100C71C04 /* AnimalSoundsViewController.m */; };
		4B6E31FE18D0040A00C71C04 /* Sound.m in Sources */ = {isa = PBXBuildFile; fileRef = 4B6E31FD18D0040A00C71C04 /* Sound.m */; };
		4B6E320018D00A4800C71C04 /* AVFoundation.framework in Frameworks */ = {isa = PBXBuildFile; fileRef = 4B6E31FF18D00A4800C71C04 /* AVFoundation.framework */; };
		4B6E322D18D025D000C71C04 /* Bear.png in Resources */ = {isa = PBXBuildFile; fileRef = 4B6E322018D025D000C71C04 /* Bear.png */; };
		4B6E322E18D025D000C71C04 /* Cat.png in Resources */ = {isa = PBXBuildFile; fileRef = 4B6E322118D025D000C71C04 /* Cat.png */; };
		4B6E322F18D025D000C71C04 /* Chimp.png in Resources */ = {isa = PBXBuildFile; fileRef = 4B6E322218D025D000C71C04 /* Chimp.png */; };
		4B6E323018D025D000C71C04 /* Cock.png in Resources */ = {isa = PBXBuildFile; fileRef = 4B6E322318D025D000C71C04 /* Cock.png */; };
		4B6E323118D025D000C71C04 /* Cow.png in Resources */ = {isa = PBXBuildFile; fileRef = 4B6E322418D025D000C71C04 /* Cow.png */; };
		4B6E323218D025D000C71C04 /* Dog.png in Resources */ = {isa = PBXBuildFile; fileRef = 4B6E322518D025D000C71C04 /* Dog.png */; };
		4B6E323318D025D000C71C04 /* Elephant.png in Resources */ = {isa = PBXBuildFile; fileRef = 4B6E322618D025D000C71C04 /* Elephant.png */; };
		4B6E323418D025D000C71C04 /* Fox.png in Resources */ = {isa = PBXBuildFile; fileRef = 4B6E322718D025D000C71C04 /* Fox.png */; };
		4B6E323518D025D000C71C04 /* Horse.png in Resources */ = {isa = PBXBuildFile; fileRef = 4B6E322818D025D000C71C04 /* Horse.png */; };
		4B6E323618D025D000C71C04 /* Lion.png in Resources */ = {isa = PBXBuildFile; fileRef = 4B6E322918D025D000C71C04 /* Lion.png */; };
		4B6E323718D025D000C71C04 /* Pig.png in Resources */ = {isa = PBXBuildFile; fileRef = 4B6E322A18D025D000C71C04 /* Pig.png */; };
		4B6E323818D025D000C71C04 /* Sheep.png in Resources */ = {isa = PBXBuildFile; fileRef = 4B6E322B18D025D000C71C04 /* Sheep.png */; };
		4B6E323918D025D000C71C04 /* Tiger.png in Resources */ = {isa = PBXBuildFile; fileRef = 4B6E322C18D025D000C71C04 /* Tiger.png */; };
/* End PBXBuildFile section */

/* Begin PBXContainerItemProxy section */
		4B6E31A918CFFBEA00C71C04 /* PBXContainerItemProxy */ = {
			isa = PBXContainerItemProxy;
			containerPortal = 4B6E317818CFFBEA00C71C04 /* Project object */;
			proxyType = 1;
			remoteGlobalIDString = 4B6E317F18CFFBEA00C71C04;
			remoteInfo = "Assignment 7.1";
		};
/* End PBXContainerItemProxy section */

/* Begin PBXFileReference section */
		4B6E318018CFFBEA00C71C04 /* Assignment 7.1.app */ = {isa = PBXFileReference; explicitFileType = wrapper.application; includeInIndex = 0; path = "Assignment 7.1.app"; sourceTree = BUILT_PRODUCTS_DIR; };
		4B6E318318CFFBEA00C71C04 /* Foundation.framework */ = {isa = PBXFileReference; lastKnownFileType = wrapper.framework; name = Foundation.framework; path = System/Library/Frameworks/Foundation.framework; sourceTree = SDKROOT; };
		4B6E318518CFFBEA00C71C04 /* CoreGraphics.framework */ = {isa = PBXFileReference; lastKnownFileType = wrapper.framework; name = CoreGraphics.framework; path = System/Library/Frameworks/CoreGraphics.framework; sourceTree = SDKROOT; };
		4B6E318718CFFBEA00C71C04 /* UIKit.framework */ = {isa = PBXFileReference; lastKnownFileType = wrapper.framework; name = UIKit.framework; path = System/Library/Frameworks/UIKit.framework; sourceTree = SDKROOT; };
		4B6E318B18CFFBEA00C71C04 /* Assignment 7.1-Info.plist */ = {isa = PBXFileReference; lastKnownFileType = text.plist.xml; path = "Assignment 7.1-Info.plist"; sourceTree = "<group>"; };
		4B6E318D18CFFBEA00C71C04 /* en */ = {isa = PBXFileReference; lastKnownFileType = text.plist.strings; name = en; path = en.lproj/InfoPlist.strings; sourceTree = "<group>"; };
		4B6E318F18CFFBEA00C71C04 /* main.m */ = {isa = PBXFileReference; lastKnownFileType = sourcecode.c.objc; path = main.m; sourceTree = "<group>"; };
		4B6E319118CFFBEA00C71C04 /* Assignment 7.1-Prefix.pch */ = {isa = PBXFileReference; lastKnownFileType = sourcecode.c.h; path = "Assignment 7.1-Prefix.pch"; sourceTree = "<group>"; };
		4B6E319218CFFBEA00C71C04 /* AppDelegate.h */ = {isa = PBXFileReference; lastKnownFileType = sourcecode.c.h; path = AppDelegate.h; sourceTree = "<group>"; };
		4B6E319318CFFBEA00C71C04 /* AppDelegate.m */ = {isa = PBXFileReference; lastKnownFileType = sourcecode.c.objc; path = AppDelegate.m; sourceTree = "<group>"; };
		4B6E319618CFFBEA00C71C04 /* Base */ = {isa = PBXFileReference; lastKnownFileType = file.storyboard; name = Base; path = Base.lproj/Main.storyboard; sourceTree = "<group>"; };
		4B6E319818CFFBEA00C71C04 /* SpaceSoundsViewController.h */ = {isa = PBXFileReference; lastKnownFileType = sourcecode.c.h; path = SpaceSoundsViewController.h; sourceTree = "<group>"; };
		4B6E319918CFFBEA00C71C04 /* SpaceSoundsViewController.m */ = {isa = PBXFileReference; lastKnownFileType = sourcecode.c.objc; path = SpaceSoundsViewController.m; sourceTree = "<group>"; };
		4B6E319E18CFFBEA00C71C04 /* Images.xcassets */ = {isa = PBXFileReference; explicitFileType = wrapper.application; path = Images.xcassets; sourceTree = "<group>"; };
		4B6E31A418CFFBEA00C71C04 /* Assignment 7.1Tests.xctest */ = {isa = PBXFileReference; explicitFileType = wrapper.cfbundle; includeInIndex = 0; path = "Assignment 7.1Tests.xctest"; sourceTree = BUILT_PRODUCTS_DIR; };
		4B6E31A518CFFBEA00C71C04 /* XCTest.framework */ = {isa = PBXFileReference; lastKnownFileType = wrapper.framework; name = XCTest.framework; path = Library/Frameworks/XCTest.framework; sourceTree = DEVELOPER_DIR; };
		4B6E31AD18CFFBEA00C71C04 /* Assignment 7.1Tests-Info.plist */ = {isa = PBXFileReference; lastKnownFileType = text.plist.xml; path = "Assignment 7.1Tests-Info.plist"; sourceTree = "<group>"; };
		4B6E31AF18CFFBEA00C71C04 /* en */ = {isa = PBXFileReference; lastKnownFileType = text.plist.strings; name = en; path = en.lproj/InfoPlist.strings; sourceTree = "<group>"; };
		4B6E31B118CFFBEA00C71C04 /* Assignment_7_1Tests.m */ = {isa = PBXFileReference; lastKnownFileType = sourcecode.c.objc; path = Assignment_7_1Tests.m; sourceTree = "<group>"; };
		4B6E31BD18CFFC5C00C71C04 /* APU_Shutdown.mp3 */ = {isa = PBXFileReference; lastKnownFileType = audio.mp3; name = APU_Shutdown.mp3; path = ../../../../Sounds/APU_Shutdown.mp3; sourceTree = "<group>"; };
		4B6E31BE18CFFC5C00C71C04 /* Computers_In_Control.mp3 */ = {isa = PBXFileReference; lastKnownFileType = audio.mp3; name = Computers_In_Control.mp3; path = ../../../../Sounds/Computers_In_Control.mp3; sourceTree = "<group>"; };
		4B6E31BF18CFFC5C00C71C04 /* Go_For_Deploy.mp3 */ = {isa = PBXFileReference; lastKnownFileType = audio.mp3; name = Go_For_Deploy.mp3; path = ../../../../Sounds/Go_For_Deploy.mp3; sourceTree = "<group>"; };
		4B6E31C018CFFC5C00C71C04 /* Go_Throttle_Up.mp3 */ = {isa = PBXFileReference; lastKnownFileType = audio.mp3; name = Go_Throttle_Up.mp3; path = ../../../../Sounds/Go_Throttle_Up.mp3; sourceTree = "<group>"; };
		4B6E31C118CFFC5C00C71C04 /* Good_Picture_Steve.mp3 */ = {isa = PBXFileReference; lastKnownFileType = audio.mp3; name = Good_Picture_Steve.mp3; path = ../../../../Sounds/Good_Picture_Steve.mp3; sourceTree = "<group>"; };
		4B6E31C218CFFC5C00C71C04 /* Houston_Discovery.mp3 */ = {isa = PBXFileReference; lastKnownFileType = audio.mp3; name = Houston_Discovery.mp3; path = ../../../../Sounds/Houston_Discovery.mp3; sourceTree = "<group>"; };
		4B6E31C318CFFC5C00C71C04 /* How_Do_You_Read.mp3 */ = {isa = PBXFileReference; lastKnownFileType = audio.mp3; name = How_Do_You_Read.mp3; path = ../../../../Sounds/How_Do_You_Read.mp3; sourceTree = "<group>"; };
		4B6E31C418CFFC5C00C71C04 /* Liftoff.mp3 */ = {isa = PBXFileReference; lastKnownFileType = audio.mp3; name = Liftoff.mp3; path = ../../../../Sounds/Liftoff.mp3; sourceTree = "<group>"; };
		4B6E31C518CFFC5C00C71C04 /* Lookin_At_It.mp3 */ = {isa = PBXFileReference; lastKnownFileType = audio.mp3; name = Lookin_At_It.mp3; path = ../../../../Sounds/Lookin_At_It.mp3; sourceTree = "<group>"; };
		4B6E31C618CFFC5C00C71C04 /* MECO.mp3 */ = {isa = PBXFileReference; lastKnownFileType = audio.mp3; name = MECO.mp3; path = ../../../../Sounds/MECO.mp3; sourceTree = "<group>"; };
		4B6E31C718CFFC5C00C71C04 /* Nice_To_Be_In_Orbit.mp3 */ = {isa = PBXFileReference; lastKnownFileType = audio.mp3; name = Nice_To_Be_In_Orbit.mp3; path = ../../../../Sounds/Nice_To_Be_In_Orbit.mp3; sourceTree = "<group>"; };
		4B6E31C818CFFC5C00C71C04 /* On_Its_Way_To_Orbit.mp3 */ = {isa = PBXFileReference; lastKnownFileType = audio.mp3; name = On_Its_Way_To_Orbit.mp3; path = ../../../../Sounds/On_Its_Way_To_Orbit.mp3; sourceTree = "<group>"; };
		4B6E31C918CFFC5C00C71C04 /* Press_To_ATO.mp3 */ = {isa = PBXFileReference; lastKnownFileType = audio.mp3; name = Press_To_ATO.mp3; path = ../../../../Sounds/Press_To_ATO.mp3; sourceTree = "<group>"; };
		4B6E31CA18CFFC5C00C71C04 /* Roger_Roll.mp3 */ = {isa = PBXFileReference; lastKnownFileType = audio.mp3; name = Roger_Roll.mp3; path = ../../../../Sounds/Roger_Roll.mp3; sourceTree = "<group>"; };
		4B6E31CB18CFFC5C00C71C04 /* Vector_Transfer.mp3 */ = {isa = PBXFileReference; lastKnownFileType = audio.mp3; name = Vector_Transfer.mp3; path = ../../../../Sounds/Vector_Transfer.mp3; sourceTree = "<group>"; };
		4B6E31CC18CFFC5C00C71C04 /* Wheel_Stop.mp3 */ = {isa = PBXFileReference; lastKnownFileType = audio.mp3; name = Wheel_Stop.mp3; path = ../../../../Sounds/Wheel_Stop.mp3; sourceTree = "<group>"; };
		4B6E31DF18D0019900C71C04 /* Bear.mp3 */ = {isa = PBXFileReference; lastKnownFileType = audio.mp3; name = Bear.mp3; path = ../../../../Sounds/Bear.mp3; sourceTree = "<group>"; };
		4B6E31E018D0019900C71C04 /* Cat.mp3 */ = {isa = PBXFileReference; lastKnownFileType = audio.mp3; name = Cat.mp3; path = ../../../../Sounds/Cat.mp3; sourceTree = "<group>"; };
		4B6E31E118D0019900C71C04 /* Chimp.mp3 */ = {isa = PBXFileReference; lastKnownFileType = audio.mp3; name = Chimp.mp3; path = ../../../../Sounds/Chimp.mp3; sourceTree = "<group>"; };
		4B6E31E218D0019900C71C04 /* Cock.mp3 */ = {isa = PBXFileReference; lastKnownFileType = audio.mp3; name = Cock.mp3; path = ../../../../Sounds/Cock.mp3; sourceTree = "<group>"; };
		4B6E31E318D0019900C71C04 /* Cow.mp3 */ = {isa = PBXFileReference; lastKnownFileType = audio.mp3; name = Cow.mp3; path = ../../../../Sounds/Cow.mp3; sourceTree = "<group>"; };
		4B6E31E418D0019900C71C04 /* Dog.mp3 */ = {isa = PBXFileReference; lastKnownFileType = audio.mp3; name = Dog.mp3; path = ../../../../Sounds/Dog.mp3; sourceTree = "<group>"; };
		4B6E31E518D0019900C71C04 /* Elephant.mp3 */ = {isa = PBXFileReference; lastKnownFileType = audio.mp3; name = Elephant.mp3; path = ../../../../Sounds/Elephant.mp3; sourceTree = "<group>"; };
		4B6E31E618D0019900C71C04 /* Fox.mp3 */ = {isa = PBXFileReference; lastKnownFileType = audio.mp3; name = Fox.mp3; path = ../../../../Sounds/Fox.mp3; sourceTree = "<group>"; };
		4B6E31E718D0019900C71C04 /* Horse.mp3 */ = {isa = PBXFileReference; lastKnownFileType = audio.mp3; name = Horse.mp3; path = ../../../../Sounds/Horse.mp3; sourceTree = "<group>"; };
		4B6E31E818D0019900C71C04 /* Lion.mp3 */ = {isa = PBXFileReference; lastKnownFileType = audio.mp3; name = Lion.mp3; path = ../../../../Sounds/Lion.mp3; sourceTree = "<group>"; };
		4B6E31E918D0019900C71C04 /* Pig.mp3 */ = {isa = PBXFileReference; lastKnownFileType = audio.mp3; name = Pig.mp3; path = ../../../../Sounds/Pig.mp3; sourceTree = "<group>"; };
		4B6E31EA18D0019900C71C04 /* Tiger.mp3 */ = {isa = PBXFileReference; lastKnownFileType = audio.mp3; name = Tiger.mp3; path = ../../../../Sounds/Tiger.mp3; sourceTree = "<group>"; };
		4B6E31F718D001B600C71C04 /* Sheep.mp3 */ = {isa = PBXFileReference; lastKnownFileType = audio.mp3; name = Sheep.mp3; path = ../../../../Sounds/Sheep.mp3; sourceTree = "<group>"; };
		4B6E31F918D0037100C71C04 /* AnimalSoundsViewController.h */ = {isa = PBXFileReference; fileEncoding = 4; lastKnownFileType = sourcecode.c.h; path = AnimalSoundsViewController.h; sourceTree = "<group>"; };
		4B6E31FA18D0037100C71C04 /* AnimalSoundsViewController.m */ = {isa = PBXFileReference; fileEncoding = 4; lastKnownFileType = sourcecode.c.objc; path = AnimalSoundsViewController.m; sourceTree = "<group>"; };
		4B6E31FC18D0040A00C71C04 /* Sound.h */ = {isa = PBXFileReference; fileEncoding = 4; lastKnownFileType = sourcecode.c.h; path = Sound.h; sourceTree = "<group>"; };
		4B6E31FD18D0040A00C71C04 /* Sound.m */ = {isa = PBXFileReference; fileEncoding = 4; lastKnownFileType = sourcecode.c.objc; path = Sound.m; sourceTree = "<group>"; };
		4B6E31FF18D00A4800C71C04 /* AVFoundation.framework */ = {isa = PBXFileReference; lastKnownFileType = wrapper.framework; name = AVFoundation.framework; path = System/Library/Frameworks/AVFoundation.framework; sourceTree = SDKROOT; };
		4B6E322018D025D000C71C04 /* Bear.png */ = {isa = PBXFileReference; lastKnownFileType = image.png; name = Bear.png; path = "../../../../Animal Icons/Bear.png"; sourceTree = "<group>"; };
		4B6E322118D025D000C71C04 /* Cat.png */ = {isa = PBXFileReference; lastKnownFileType = image.png; name = Cat.png; path = "../../../../Animal Icons/Cat.png"; sourceTree = "<group>"; };
		4B6E322218D025D000C71C04 /* Chimp.png */ = {isa = PBXFileReference; lastKnownFileType = image.png; name = Chimp.png; path = "../../../../Animal Icons/Chimp.png"; sourceTree = "<group>"; };
		4B6E322318D025D000C71C04 /* Cock.png */ = {isa = PBXFileReference; lastKnownFileType = image.png; name = Cock.png; path = "../../../../Animal Icons/Cock.png"; sourceTree = "<group>"; };
		4B6E322418D025D000C71C04 /* Cow.png */ = {isa = PBXFileReference; lastKnownFileType = image.png; name = Cow.png; path = "../../../../Animal Icons/Cow.png"; sourceTree = "<group>"; };
		4B6E322518D025D000C71C04 /* Dog.png */ = {isa = PBXFileReference; lastKnownFileType = image.png; name = Dog.png; path = "../../../../Animal Icons/Dog.png"; sourceTree = "<group>"; };
		4B6E322618D025D000C71C04 /* Elephant.png */ = {isa = PBXFileReference; lastKnownFileType = image.png; name = Elephant.png; path = "../../../../Animal Icons/Elephant.png"; sourceTree = "<group>"; };
		4B6E322718D025D000C71C04 /* Fox.png */ = {isa = PBXFileReference; lastKnownFileType = image.png; name = Fox.png; path = "../../../../Animal Icons/Fox.png"; sourceTree = "<group>"; };
		4B6E322818D025D000C71C04 /* Horse.png */ = {isa = PBXFileReference; lastKnownFileType = image.png; name = Horse.png; path = "../../../../Animal Icons/Horse.png"; sourceTree = "<group>"; };
		4B6E322918D025D000C71C04 /* Lion.png */ = {isa = PBXFileReference; lastKnownFileType = image.png; name = Lion.png; path = "../../../../Animal Icons/Lion.png"; sourceTree = "<group>"; };
		4B6E322A18D025D000C71C04 /* Pig.png */ = {isa = PBXFileReference; lastKnownFileType = image.png; name = Pig.png; path = "../../../../Animal Icons/Pig.png"; sourceTree = "<group>"; };
		4B6E322B18D025D000C71C04 /* Sheep.png */ = {isa = PBXFileReference; lastKnownFileType = image.png; name = Sheep.png; path = "../../../../Animal Icons/Sheep.png"; sourceTree = "<group>"; };
		4B6E322C18D025D000C71C04 /* Tiger.png */ = {isa = PBXFileReference; lastKnownFileType = image.png; name = Tiger.png; path = "../../../../Animal Icons/Tiger.png"; sourceTree = "<group>"; };
/* End PBXFileReference section */

/* Begin PBXFrameworksBuildPhase section */
		4B6E317D18CFFBEA00C71C04 /* Frameworks */ = {
			isa = PBXFrameworksBuildPhase;
			buildActionMask = 2147483647;
			files = (
				4B6E320018D00A4800C71C04 /* AVFoundation.framework in Frameworks */,
				4B6E318618CFFBEA00C71C04 /* CoreGraphics.framework in Frameworks */,
				4B6E318818CFFBEA00C71C04 /* UIKit.framework in Frameworks */,
				4B6E318418CFFBEA00C71C04 /* Foundation.framework in Frameworks */,
			);
			runOnlyForDeploymentPostprocessing = 0;
		};
		4B6E31A118CFFBEA00C71C04 /* Frameworks */ = {
			isa = PBXFrameworksBuildPhase;
			buildActionMask = 2147483647;
			files = (
				4B6E31A618CFFBEA00C71C04 /* XCTest.framework in Frameworks */,
				4B6E31A818CFFBEA00C71C04 /* UIKit.framework in Frameworks */,
				4B6E31A718CFFBEA00C71C04 /* Foundation.framework in Frameworks */,
			);
			runOnlyForDeploymentPostprocessing = 0;
		};
/* End PBXFrameworksBuildPhase section */

/* Begin PBXGroup section */
		4B6E317718CFFBEA00C71C04 = {
			isa = PBXGroup;
			children = (
				4B6E318918CFFBEA00C71C04 /* Assignment 7.1 */,
				4B6E31AB18CFFBEA00C71C04 /* Assignment 7.1Tests */,
				4B6E318218CFFBEA00C71C04 /* Frameworks */,
				4B6E318118CFFBEA00C71C04 /* Products */,
			);
			sourceTree = "<group>";
		};
		4B6E318118CFFBEA00C71C04 /* Products */ = {
			isa = PBXGroup;
			children = (
				4B6E318018CFFBEA00C71C04 /* Assignment 7.1.app */,
				4B6E31A418CFFBEA00C71C04 /* Assignment 7.1Tests.xctest */,
			);
			name = Products;
			sourceTree = "<group>";
		};
		4B6E318218CFFBEA00C71C04 /* Frameworks */ = {
			isa = PBXGroup;
			children = (
				4B6E31FF18D00A4800C71C04 /* AVFoundation.framework */,
				4B6E318318CFFBEA00C71C04 /* Foundation.framework */,
				4B6E318518CFFBEA00C71C04 /* CoreGraphics.framework */,
				4B6E318718CFFBEA00C71C04 /* UIKit.framework */,
				4B6E31A518CFFBEA00C71C04 /* XCTest.framework */,
			);
			name = Frameworks;
			sourceTree = "<group>";
		};
		4B6E318918CFFBEA00C71C04 /* Assignment 7.1 */ = {
			isa = PBXGroup;
			children = (
				4B6E31BB18CFFBFA00C71C04 /* Resources */,
				4B6E319218CFFBEA00C71C04 /* AppDelegate.h */,
				4B6E319318CFFBEA00C71C04 /* AppDelegate.m */,
				4B6E319518CFFBEA00C71C04 /* Main.storyboard */,
				4B6E319818CFFBEA00C71C04 /* SpaceSoundsViewController.h */,
				4B6E319918CFFBEA00C71C04 /* SpaceSoundsViewController.m */,
				4B6E319E18CFFBEA00C71C04 /* Images.xcassets */,
				4B6E318A18CFFBEA00C71C04 /* Supporting Files */,
				4B6E31F918D0037100C71C04 /* AnimalSoundsViewController.h */,
				4B6E31FA18D0037100C71C04 /* AnimalSoundsViewController.m */,
				4B6E31FC18D0040A00C71C04 /* Sound.h */,
				4B6E31FD18D0040A00C71C04 /* Sound.m */,
			);
			path = "Assignment 7.1";
			sourceTree = "<group>";
		};
		4B6E318A18CFFBEA00C71C04 /* Supporting Files */ = {
			isa = PBXGroup;
			children = (
				4B6E318B18CFFBEA00C71C04 /* Assignment 7.1-Info.plist */,
				4B6E318C18CFFBEA00C71C04 /* InfoPlist.strings */,
				4B6E318F18CFFBEA00C71C04 /* main.m */,
				4B6E319118CFFBEA00C71C04 /* Assignment 7.1-Prefix.pch */,
			);
			name = "Supporting Files";
			sourceTree = "<group>";
		};
		4B6E31AB18CFFBEA00C71C04 /* Assignment 7.1Tests */ = {
			isa = PBXGroup;
			children = (
				4B6E31B118CFFBEA00C71C04 /* Assignment_7_1Tests.m */,
				4B6E31AC18CFFBEA00C71C04 /* Supporting Files */,
			);
			path = "Assignment 7.1Tests";
			sourceTree = "<group>";
		};
		4B6E31AC18CFFBEA00C71C04 /* Supporting Files */ = {
			isa = PBXGroup;
			children = (
				4B6E31AD18CFFBEA00C71C04 /* Assignment 7.1Tests-Info.plist */,
				4B6E31AE18CFFBEA00C71C04 /* InfoPlist.strings */,
			);
			name = "Supporting Files";
			sourceTree = "<group>";
		};
		4B6E31BB18CFFBFA00C71C04 /* Resources */ = {
			isa = PBXGroup;
			children = (
				4B6E320118D012AA00C71C04 /* Icons */,
				4B6E31BC18CFFC0300C71C04 /* Sounds */,
			);
			name = Resources;
			sourceTree = "<group>";
		};
		4B6E31BC18CFFC0300C71C04 /* Sounds */ = {
			isa = PBXGroup;
			children = (
				4B6E31DE18D0016800C71C04 /* Animals */,
				4B6E31DD18D0015600C71C04 /* Space */,
			);
			name = Sounds;
			sourceTree = "<group>";
		};
		4B6E31DD18D0015600C71C04 /* Space */ = {
			isa = PBXGroup;
			children = (
				4B6E31BE18CFFC5C00C71C04 /* Computers_In_Control.mp3 */,
				4B6E31BF18CFFC5C00C71C04 /* Go_For_Deploy.mp3 */,
				4B6E31C018CFFC5C00C71C04 /* Go_Throttle_Up.mp3 */,
				4B6E31C118CFFC5C00C71C04 /* Good_Picture_Steve.mp3 */,
				4B6E31C218CFFC5C00C71C04 /* Houston_Discovery.mp3 */,
				4B6E31C318CFFC5C00C71C04 /* How_Do_You_Read.mp3 */,
				4B6E31C418CFFC5C00C71C04 /* Liftoff.mp3 */,
				4B6E31C518CFFC5C00C71C04 /* Lookin_At_It.mp3 */,
				4B6E31C618CFFC5C00C71C04 /* MECO.mp3 */,
				4B6E31C718CFFC5C00C71C04 /* Nice_To_Be_In_Orbit.mp3 */,
				4B6E31C818CFFC5C00C71C04 /* On_Its_Way_To_Orbit.mp3 */,
				4B6E31C918CFFC5C00C71C04 /* Press_To_ATO.mp3 */,
				4B6E31CA18CFFC5C00C71C04 /* Roger_Roll.mp3 */,
				4B6E31CB18CFFC5C00C71C04 /* Vector_Transfer.mp3 */,
				4B6E31CC18CFFC5C00C71C04 /* Wheel_Stop.mp3 */,
				4B6E31BD18CFFC5C00C71C04 /* APU_Shutdown.mp3 */,
			);
			name = Space;
			sourceTree = "<group>";
		};
		4B6E31DE18D0016800C71C04 /* Animals */ = {
			isa = PBXGroup;
			children = (
				4B6E31DF18D0019900C71C04 /* Bear.mp3 */,
				4B6E31E018D0019900C71C04 /* Cat.mp3 */,
				4B6E31E118D0019900C71C04 /* Chimp.mp3 */,
				4B6E31E218D0019900C71C04 /* Cock.mp3 */,
				4B6E31E318D0019900C71C04 /* Cow.mp3 */,
				4B6E31E418D0019900C71C04 /* Dog.mp3 */,
				4B6E31E518D0019900C71C04 /* Elephant.mp3 */,
				4B6E31E618D0019900C71C04 /* Fox.mp3 */,
				4B6E31E718D0019900C71C04 /* Horse.mp3 */,
				4B6E31E818D0019900C71C04 /* Lion.mp3 */,
				4B6E31E918D0019900C71C04 /* Pig.mp3 */,
				4B6E31F718D001B600C71C04 /* Sheep.mp3 */,
				4B6E31EA18D0019900C71C04 /* Tiger.mp3 */,
			);
			name = Animals;
			sourceTree = "<group>";
		};
		4B6E320118D012AA00C71C04 /* Icons */ = {
			isa = PBXGroup;
			children = (
				4B6E320318D012B700C71C04 /* Space */,
				4B6E320218D012B200C71C04 /* Animals */,
			);
			name = Icons;
			sourceTree = "<group>";
		};
		4B6E320218D012B200C71C04 /* Animals */ = {
			isa = PBXGroup;
			children = (
				4B6E322018D025D000C71C04 /* Bear.png */,
				4B6E322118D025D000C71C04 /* Cat.png */,
				4B6E322218D025D000C71C04 /* Chimp.png */,
				4B6E322318D025D000C71C04 /* Cock.png */,
				4B6E322418D025D000C71C04 /* Cow.png */,
				4B6E322518D025D000C71C04 /* Dog.png */,
				4B6E322618D025D000C71C04 /* Elephant.png */,
				4B6E322718D025D000C71C04 /* Fox.png */,
				4B6E322818D025D000C71C04 /* Horse.png */,
				4B6E322918D025D000C71C04 /* Lion.png */,
				4B6E322A18D025D000C71C04 /* Pig.png */,
				4B6E322B18D025D000C71C04 /* Sheep.png */,
				4B6E322C18D025D000C71C04 /* Tiger.png */,
				4B6E321F18D024EA00C71C04 /* Animal Icons */,
			);
			name = Animals;
			sourceTree = "<group>";
		};
		4B6E320318D012B700C71C04 /* Space */ = {
			isa = PBXGroup;
			children = (
			);
			name = Space;
			sourceTree = "<group>";
		};
		4B6E321F18D024EA00C71C04 /* Animal Icons */ = {
			isa = PBXGroup;
			children = (
			);
			name = "Animal Icons";
			path = "../../../../Animal Icons";
			sourceTree = "<group>";
		};
/* End PBXGroup section */

/* Begin PBXNativeTarget section */
		4B6E317F18CFFBEA00C71C04 /* Assignment 7.1 */ = {
			isa = PBXNativeTarget;
			buildConfigurationList = 4B6E31B518CFFBEA00C71C04 /* Build configuration list for PBXNativeTarget "Assignment 7.1" */;
			buildPhases = (
				4B6E317C18CFFBEA00C71C04 /* Sources */,
				4B6E317D18CFFBEA00C71C04 /* Frameworks */,
				4B6E317E18CFFBEA00C71C04 /* Resources */,
			);
			buildRules = (
			);
			dependencies = (
			);
			name = "Assignment 7.1";
			productName = "Assignment 7.1";
			productReference = 4B6E318018CFFBEA00C71C04 /* Assignment 7.1.app */;
			productType = "com.apple.product-type.application";
		};
		4B6E31A318CFFBEA00C71C04 /* Assignment 7.1Tests */ = {
			isa = PBXNativeTarget;
			buildConfigurationList = 4B6E31B818CFFBEA00C71C04 /* Build configuration list for PBXNativeTarget "Assignment 7.1Tests" */;
			buildPhases = (
				4B6E31A018CFFBEA00C71C04 /* Sources */,
				4B6E31A118CFFBEA00C71C04 /* Frameworks */,
				4B6E31A218CFFBEA00C71C04 /* Resources */,
			);
			buildRules = (
			);
			dependencies = (
				4B6E31AA18CFFBEA00C71C04 /* PBXTargetDependency */,
			);
			name = "Assignment 7.1Tests";
			productName = "Assignment 7.1Tests";
			productReference = 4B6E31A418CFFBEA00C71C04 /* Assignment 7.1Tests.xctest */;
			productType = "com.apple.product-type.bundle.unit-test";
		};
/* End PBXNativeTarget section */

/* Begin PBXProject section */
		4B6E317818CFFBEA00C71C04 /* Project object */ = {
			isa = PBXProject;
			attributes = {
				LastUpgradeCheck = 0500;
				ORGANIZATIONNAME = "Tony Klose";
				TargetAttributes = {
					4B6E31A318CFFBEA00C71C04 = {
						TestTargetID = 4B6E317F18CFFBEA00C71C04;
					};
				};
			};
			buildConfigurationList = 4B6E317B18CFFBEA00C71C04 /* Build configuration list for PBXProject "Assignment 7.1" */;
			compatibilityVersion = "Xcode 3.2";
			developmentRegion = English;
			hasScannedForEncodings = 0;
			knownRegions = (
				en,
				Base,
			);
			mainGroup = 4B6E317718CFFBEA00C71C04;
			productRefGroup = 4B6E318118CFFBEA00C71C04 /* Products */;
			projectDirPath = "";
			projectRoot = "";
			targets = (
				4B6E317F18CFFBEA00C71C04 /* Assignment 7.1 */,
				4B6E31A318CFFBEA00C71C04 /* Assignment 7.1Tests */,
			);
		};
/* End PBXProject section */

/* Begin PBXResourcesBuildPhase section */
		4B6E317E18CFFBEA00C71C04 /* Resources */ = {
			isa = PBXResourcesBuildPhase;
			buildActionMask = 2147483647;
			files = (
				4B6E323718D025D000C71C04 /* Pig.png in Resources */,
				4B6E31F618D0019900C71C04 /* Tiger.mp3 in Resources */,
				4B6E31F318D0019900C71C04 /* Horse.mp3 in Resources */,
				4B6E322E18D025D000C71C04 /* Cat.png in Resources */,
				4B6E31D918CFFC5C00C71C04 /* Press_To_ATO.mp3 in Resources */,
				4B6E31DC18CFFC5C00C71C04 /* Wheel_Stop.mp3 in Resources */,
				4B6E323118D025D000C71C04 /* Cow.png in Resources */,
				4B6E31F518D0019900C71C04 /* Pig.mp3 in Resources */,
				4B6E319F18CFFBEA00C71C04 /* Images.xcassets in Resources */,
				4B6E31F118D0019900C71C04 /* Elephant.mp3 in Resources */,
				4B6E31D718CFFC5C00C71C04 /* Nice_To_Be_In_Orbit.mp3 in Resources */,
				4B6E31CF18CFFC5C00C71C04 /* Go_For_Deploy.mp3 in Resources */,
				4B6E318E18CFFBEA00C71C04 /* InfoPlist.strings in Resources */,
				4B6E31EF18D0019900C71C04 /* Cow.mp3 in Resources */,
				4B6E31EC18D0019900C71C04 /* Cat.mp3 in Resources */,
				4B6E323918D025D000C71C04 /* Tiger.png in Resources */,
				4B6E322F18D025D000C71C04 /* Chimp.png in Resources */,
				4B6E31F218D0019900C71C04 /* Fox.mp3 in Resources */,
				4B6E319718CFFBEA00C71C04 /* Main.storyboard in Resources */,
				4B6E323318D025D000C71C04 /* Elephant.png in Resources */,
				4B6E31F018D0019900C71C04 /* Dog.mp3 in Resources */,
				4B6E323218D025D000C71C04 /* Dog.png in Resources */,
				4B6E323818D025D000C71C04 /* Sheep.png in Resources */,
				4B6E31DB18CFFC5C00C71C04 /* Vector_Transfer.mp3 in Resources */,
				4B6E31D418CFFC5C00C71C04 /* Liftoff.mp3 in Resources */,
				4B6E31D318CFFC5C00C71C04 /* How_Do_You_Read.mp3 in Resources */,
				4B6E31D518CFFC5C00C71C04 /* Lookin_At_It.mp3 in Resources */,
				4B6E31D018CFFC5C00C71C04 /* Go_Throttle_Up.mp3 in Resources */,
				4B6E31EB18D0019900C71C04 /* Bear.mp3 in Resources */,
				4B6E322D18D025D000C71C04 /* Bear.png in Resources */,
				4B6E31DA18CFFC5C00C71C04 /* Roger_Roll.mp3 in Resources */,
				4B6E31D618CFFC5C00C71C04 /* MECO.mp3 in Resources */,
				4B6E31CE18CFFC5C00C71C04 /* Computers_In_Control.mp3 in Resources */,
				4B6E323018D025D000C71C04 /* Cock.png in Resources */,
				4B6E31F418D0019900C71C04 /* Lion.mp3 in Resources */,
				4B6E31EE18D0019900C71C04 /* Cock.mp3 in Resources */,
				4B6E323618D025D000C71C04 /* Lion.png in Resources */,
				4B6E31D218CFFC5C00C71C04 /* Houston_Discovery.mp3 in Resources */,
				4B6E31ED18D0019900C71C04 /* Chimp.mp3 in Resources */,
				4B6E31F818D001B600C71C04 /* Sheep.mp3 in Resources */,
				4B6E31D118CFFC5C00C71C04 /* Good_Picture_Steve.mp3 in Resources */,
				4B6E323518D025D000C71C04 /* Horse.png in Resources */,
				4B6E31D818CFFC5C00C71C04 /* On_Its_Way_To_Orbit.mp3 in Resources */,
				4B6E31CD18CFFC5C00C71C04 /* APU_Shutdown.mp3 in Resources */,
				4B6E323418D025D000C71C04 /* Fox.png in Resources */,
			);
			runOnlyForDeploymentPostprocessing = 0;
		};
		4B6E31A218CFFBEA00C71C04 /* Resources */ = {
			isa = PBXResourcesBuildPhase;
			buildActionMask = 2147483647;
			files = (
				4B6E31B018CFFBEA00C71C04 /* InfoPlist.strings in Resources */,
			);
			runOnlyForDeploymentPostprocessing = 0;
		};
/* End PBXResourcesBuildPhase section */

/* Begin PBXSourcesBuildPhase section */
		4B6E317C18CFFBEA00C71C04 /* Sources */ = {
			isa = PBXSourcesBuildPhase;
			buildActionMask = 2147483647;
			files = (
				4B6E319418CFFBEA00C71C04 /* AppDelegate.m in Sources */,
				4B6E319A18CFFBEA00C71C04 /* SpaceSoundsViewController.m in Sources */,
				4B6E31FE18D0040A00C71C04 /* Sound.m in Sources */,
				4B6E319018CFFBEA00C71C04 /* main.m in Sources */,
				4B6E31FB18D0037100C71C04 /* AnimalSoundsViewController.m in Sources */,
			);
			runOnlyForDeploymentPostprocessing = 0;
		};
		4B6E31A018CFFBEA00C71C04 /* Sources */ = {
			isa = PBXSourcesBuildPhase;
			buildActionMask = 2147483647;
			files = (
				4B6E31B218CFFBEA00C71C04 /* Assignment_7_1Tests.m in Sources */,
			);
			runOnlyForDeploymentPostprocessing = 0;
		};
/* End PBXSourcesBuildPhase section */

/* Begin PBXTargetDependency section */
		4B6E31AA18CFFBEA00C71C04 /* PBXTargetDependency */ = {
			isa = PBXTargetDependency;
			target = 4B6E317F18CFFBEA00C71C04 /* Assignment 7.1 */;
			targetProxy = 4B6E31A918CFFBEA00C71C04 /* PBXContainerItemProxy */;
		};
/* End PBXTargetDependency section */

/* Begin PBXVariantGroup section */
		4B6E318C18CFFBEA00C71C04 /* InfoPlist.strings */ = {
			isa = PBXVariantGroup;
			children = (
				4B6E318D18CFFBEA00C71C04 /* en */,
			);
			name = InfoPlist.strings;
			sourceTree = "<group>";
		};
		4B6E319518CFFBEA00C71C04 /* Main.storyboard */ = {
			isa = PBXVariantGroup;
			children = (
				4B6E319618CFFBEA00C71C04 /* Base */,
			);
			name = Main.storyboard;
			sourceTree = "<group>";
		};
		4B6E31AE18CFFBEA00C71C04 /* InfoPlist.strings */ = {
			isa = PBXVariantGroup;
			children = (
				4B6E31AF18CFFBEA00C71C04 /* en */,
			);
			name = InfoPlist.strings;
			sourceTree = "<group>";
		};
/* End PBXVariantGroup section */

/* Begin XCBuildConfiguration section */
		4B6E31B318CFFBEA00C71C04 /* Debug */ = {
			isa = XCBuildConfiguration;
			buildSettings = {
				ALWAYS_SEARCH_USER_PATHS = NO;
				ARCHS = "$(ARCHS_STANDARD_INCLUDING_64_BIT)";
				CLANG_CXX_LANGUAGE_STANDARD = "gnu++0x";
				CLANG_CXX_LIBRARY = "libc++";
				CLANG_ENABLE_MODULES = YES;
				CLANG_ENABLE_OBJC_ARC = YES;
				CLANG_WARN_BOOL_CONVERSION = YES;
				CLANG_WARN_CONSTANT_CONVERSION = YES;
				CLANG_WARN_DIRECT_OBJC_ISA_USAGE = YES_ERROR;
				CLANG_WARN_EMPTY_BODY = YES;
				CLANG_WARN_ENUM_CONVERSION = YES;
				CLANG_WARN_INT_CONVERSION = YES;
				CLANG_WARN_OBJC_ROOT_CLASS = YES_ERROR;
				CLANG_WARN__DUPLICATE_METHOD_MATCH = YES;
				"CODE_SIGN_IDENTITY[sdk=iphoneos*]" = "iPhone Developer";
				COPY_PHASE_STRIP = NO;
				GCC_C_LANGUAGE_STANDARD = gnu99;
				GCC_DYNAMIC_NO_PIC = NO;
				GCC_OPTIMIZATION_LEVEL = 0;
				GCC_PREPROCESSOR_DEFINITIONS = (
					"DEBUG=1",
					"$(inherited)",
				);
				GCC_SYMBOLS_PRIVATE_EXTERN = NO;
				GCC_WARN_64_TO_32_BIT_CONVERSION = YES;
				GCC_WARN_ABOUT_RETURN_TYPE = YES_ERROR;
				GCC_WARN_UNDECLARED_SELECTOR = YES;
				GCC_WARN_UNINITIALIZED_AUTOS = YES;
				GCC_WARN_UNUSED_FUNCTION = YES;
				GCC_WARN_UNUSED_VARIABLE = YES;
				IPHONEOS_DEPLOYMENT_TARGET = 7.0;
				ONLY_ACTIVE_ARCH = YES;
				SDKROOT = iphoneos;
			};
			name = Debug;
		};
		4B6E31B418CFFBEA00C71C04 /* Release */ = {
			isa = XCBuildConfiguration;
			buildSettings = {
				ALWAYS_SEARCH_USER_PATHS = NO;
				ARCHS = "$(ARCHS_STANDARD_INCLUDING_64_BIT)";
				CLANG_CXX_LANGUAGE_STANDARD = "gnu++0x";
				CLANG_CXX_LIBRARY = "libc++";
				CLANG_ENABLE_MODULES = YES;
				CLANG_ENABLE_OBJC_ARC = YES;
				CLANG_WARN_BOOL_CONVERSION = YES;
				CLANG_WARN_CONSTANT_CONVERSION = YES;
				CLANG_WARN_DIRECT_OBJC_ISA_USAGE = YES_ERROR;
				CLANG_WARN_EMPTY_BODY = YES;
				CLANG_WARN_ENUM_CONVERSION = YES;
				CLANG_WARN_INT_CONVERSION = YES;
				CLANG_WARN_OBJC_ROOT_CLASS = YES_ERROR;
				CLANG_WARN__DUPLICATE_METHOD_MATCH = YES;
				"CODE_SIGN_IDENTITY[sdk=iphoneos*]" = "iPhone Developer";
				COPY_PHASE_STRIP = YES;
				ENABLE_NS_ASSERTIONS = NO;
				GCC_C_LANGUAGE_STANDARD = gnu99;
				GCC_WARN_64_TO_32_BIT_CONVERSION = YES;
				GCC_WARN_ABOUT_RETURN_TYPE = YES_ERROR;
				GCC_WARN_UNDECLARED_SELECTOR = YES;
				GCC_WARN_UNINITIALIZED_AUTOS = YES;
				GCC_WARN_UNUSED_FUNCTION = YES;
				GCC_WARN_UNUSED_VARIABLE = YES;
				IPHONEOS_DEPLOYMENT_TARGET = 7.0;
				SDKROOT = iphoneos;
				VALIDATE_PRODUCT = YES;
			};
			name = Release;
		};
		4B6E31B618CFFBEA00C71C04 /* Debug */ = {
			isa = XCBuildConfiguration;
			buildSettings = {
				ASSETCATALOG_COMPILER_APPICON_NAME = AppIcon;
				ASSETCATALOG_COMPILER_LAUNCHIMAGE_NAME = LaunchImage;
				GCC_PRECOMPILE_PREFIX_HEADER = YES;
				GCC_PREFIX_HEADER = "Assignment 7.1/Assignment 7.1-Prefix.pch";
				INFOPLIST_FILE = "Assignment 7.1/Assignment 7.1-Info.plist";
				PRODUCT_NAME = "$(TARGET_NAME)";
				WRAPPER_EXTENSION = app;
			};
			name = Debug;
		};
		4B6E31B718CFFBEA00C71C04 /* Release */ = {
			isa = XCBuildConfiguration;
			buildSettings = {
				ASSETCATALOG_COMPILER_APPICON_NAME = AppIcon;
				ASSETCATALOG_COMPILER_LAUNCHIMAGE_NAME = LaunchImage;
				GCC_PRECOMPILE_PREFIX_HEADER = YES;
				GCC_PREFIX_HEADER = "Assignment 7.1/Assignment 7.1-Prefix.pch";
				INFOPLIST_FILE = "Assignment 7.1/Assignment 7.1-Info.plist";
				PRODUCT_NAME = "$(TARGET_NAME)";
				WRAPPER_EXTENSION = app;
			};
			name = Release;
		};
		4B6E31B918CFFBEA00C71C04 /* Debug */ = {
			isa = XCBuildConfiguration;
			buildSettings = {
				ARCHS = "$(ARCHS_STANDARD_INCLUDING_64_BIT)";
				BUNDLE_LOADER = "$(BUILT_PRODUCTS_DIR)/Assignment 7.1.app/Assignment 7.1";
				FRAMEWORK_SEARCH_PATHS = (
					"$(SDKROOT)/Developer/Library/Frameworks",
					"$(inherited)",
					"$(DEVELOPER_FRAMEWORKS_DIR)",
				);
				GCC_PRECOMPILE_PREFIX_HEADER = YES;
				GCC_PREFIX_HEADER = "Assignment 7.1/Assignment 7.1-Prefix.pch";
				GCC_PREPROCESSOR_DEFINITIONS = (
					"DEBUG=1",
					"$(inherited)",
				);
				INFOPLIST_FILE = "Assignment 7.1Tests/Assignment 7.1Tests-Info.plist";
				PRODUCT_NAME = "$(TARGET_NAME)";
				TEST_HOST = "$(BUNDLE_LOADER)";
				WRAPPER_EXTENSION = xctest;
			};
			name = Debug;
		};
		4B6E31BA18CFFBEA00C71C04 /* Release */ = {
			isa = XCBuildConfiguration;
			buildSettings = {
				ARCHS = "$(ARCHS_STANDARD_INCLUDING_64_BIT)";
				BUNDLE_LOADER = "$(BUILT_PRODUCTS_DIR)/Assignment 7.1.app/Assignment 7.1";
				FRAMEWORK_SEARCH_PATHS = (
					"$(SDKROOT)/Developer/Library/Frameworks",
					"$(inherited)",
					"$(DEVELOPER_FRAMEWORKS_DIR)",
				);
				GCC_PRECOMPILE_PREFIX_HEADER = YES;
				GCC_PREFIX_HEADER = "Assignment 7.1/Assignment 7.1-Prefix.pch";
				INFOPLIST_FILE = "Assignment 7.1Tests/Assignment 7.1Tests-Info.plist";
				PRODUCT_NAME = "$(TARGET_NAME)";
				TEST_HOST = "$(BUNDLE_LOADER)";
				WRAPPER_EXTENSION = xctest;
			};
			name = Release;
		};
/* End XCBuildConfiguration section */

/* Begin XCConfigurationList section */
		4B6E317B18CFFBEA00C71C04 /* Build configuration list for PBXProject "Assignment 7.1" */ = {
			isa = XCConfigurationList;
			buildConfigurations = (
				4B6E31B318CFFBEA00C71C04 /* Debug */,
				4B6E31B418CFFBEA00C71C04 /* Release */,
			);
			defaultConfigurationIsVisible = 0;
			defaultConfigurationName = Release;
		};
		4B6E31B518CFFBEA00C71C04 /* Build configuration list for PBXNativeTarget "Assignment 7.1" */ = {
			isa = XCConfigurationList;
			buildConfigurations = (
				4B6E31B618CFFBEA00C71C04 /* Debug */,
				4B6E31B718CFFBEA00C71C04 /* Release */,
			);
			defaultConfigurationIsVisible = 0;
		};
		4B6E31B818CFFBEA00C71C04 /* Build configuration list for PBXNativeTarget "Assignment 7.1Tests" */ = {
			isa = XCConfigurationList;
			buildConfigurations = (
				4B6E31B918CFFBEA00C71C04 /* Debug */,
				4B6E31BA18CFFBEA00C71C04 /* Release */,
			);
			defaultConfigurationIsVisible = 0;
		};
/* End XCConfigurationList section */
	};
	rootObject = 4B6E317818CFFBEA00C71C04 /* Project object */;
}
